
Microsoft Visual Studio Solution File, Format Version 12.00
# Visual Studio 14
VisualStudioVersion = 14.0.25420.1
MinimumVisualStudioVersion = 10.0.40219.1
Project("{2150E333-8FDC-42A3-9474-1A3956D46DE8}") = "Business", "Business", "{BCE7DA5A-7D81-425D-A1C0-87E85E4E73B6}"
EndProject
Project("{2150E333-8FDC-42A3-9474-1A3956D46DE8}") = "Data", "Data", "{FE30F29D-010E-480F-A476-FEE640053EA2}"
EndProject
Project("{2150E333-8FDC-42A3-9474-1A3956D46DE8}") = "Services", "Services", "{2CDE4F81-0774-40B1-A116-C453732BFF9F}"
EndProject
Project("{2150E333-8FDC-42A3-9474-1A3956D46DE8}") = "Referenced Assemblies", "Referenced Assemblies", "{610171AB-0D67-45A6-A84A-DCE2523F14CD}"
	ProjectSection(SolutionItems) = preProject
		Referenced Assemblies\Microsoft.Crm.Sdk.Proxy.dll = Referenced Assemblies\Microsoft.Crm.Sdk.Proxy.dll
		Referenced Assemblies\Microsoft.IdentityModel.Clients.ActiveDirectory.dll = Referenced Assemblies\Microsoft.IdentityModel.Clients.ActiveDirectory.dll
		Referenced Assemblies\Microsoft.IdentityModel.Clients.ActiveDirectory.WindowsForms.dll = Referenced Assemblies\Microsoft.IdentityModel.Clients.ActiveDirectory.WindowsForms.dll
		Referenced Assemblies\Microsoft.IdentityModel.dll = Referenced Assemblies\Microsoft.IdentityModel.dll
		Referenced Assemblies\Microsoft.Xrm.Sdk.Deployment.dll = Referenced Assemblies\Microsoft.Xrm.Sdk.Deployment.dll
		Referenced Assemblies\Microsoft.Xrm.Sdk.dll = Referenced Assemblies\Microsoft.Xrm.Sdk.dll
		Referenced Assemblies\Microsoft.Xrm.Tooling.Connector.dll = Referenced Assemblies\Microsoft.Xrm.Tooling.Connector.dll
	EndProjectSection
EndProject
Project("{FAE04EC0-301F-11D3-BF4B-00C04F79EFBC}") = "QuieroCasa.InterfacesCRM.Business.Contracts", "QuieroCasa.InterfacesCRM.Business.Contracts\QuieroCasa.InterfacesCRM.Business.Contracts.csproj", "{8C63E41D-7BE5-4467-978C-340DBCA7B41D}"
EndProject
Project("{FAE04EC0-301F-11D3-BF4B-00C04F79EFBC}") = "QuieroCasa.InterfacesCRM.Services", "QuieroCasa.InterfacesCRM.Services\QuieroCasa.InterfacesCRM.Services.csproj", "{FF8E2102-75C7-4DFE-A4A4-575949013E2A}"
EndProject
Project("{FAE04EC0-301F-11D3-BF4B-00C04F79EFBC}") = "QuieroCasa.InterfacesCRM.Business", "QuieroCasa.InterfacesCRM.Business\QuieroCasa.InterfacesCRM.Business.csproj", "{9CB836E5-799B-433A-B104-28034FFA5350}"
EndProject
Project("{FAE04EC0-301F-11D3-BF4B-00C04F79EFBC}") = "QuieroCasa.InterfacesCRM.Data", "QuieroCasa.InterfacesCRM.Data\QuieroCasa.InterfacesCRM.Data.csproj", "{A4986FF5-F6DF-40D0-B107-A283F5C11C36}"
EndProject
Project("{2150E333-8FDC-42A3-9474-1A3956D46DE8}") = "Framework", "Framework", "{A8324D45-3692-4C82-92AA-C7C5E5AE5C4E}"
EndProject
Project("{FAE04EC0-301F-11D3-BF4B-00C04F79EFBC}") = "QuieroCasa.DynamicsCRM.Framework", "QuieroCasa.DynamicsCRM.Framework\QuieroCasa.DynamicsCRM.Framework.csproj", "{072B646A-F15A-4790-9226-BF65CFDE9DD9}"
EndProject
Project("{FAE04EC0-301F-11D3-BF4B-00C04F79EFBC}") = "QuieroCasa.InterfacesCRM.Business.Logic", "QuieroCasa.InterfacesCRM.Business.Logic\QuieroCasa.InterfacesCRM.Business.Logic.csproj", "{0A8A4F4E-4E43-4023-B5CF-D6AC8D07CAE2}"
EndProject
Project("{FAE04EC0-301F-11D3-BF4B-00C04F79EFBC}") = "QuieroCasa.InterfacesCRM.Business.Commons", "QuieroCasa.InterfacesCR.Business.Commons\QuieroCasa.InterfacesCRM.Business.Commons.csproj", "{380AC376-4F74-4673-86CD-82D70C400190}"
EndProject
Project("{2150E333-8FDC-42A3-9474-1A3956D46DE8}") = "JavaScript", "JavaScript", "{46A4CF10-5279-499C-99D3-1894B2D37B8C}"
	ProjectSection(SolutionItems) = preProject
		qc_functionscallsoutput.js = qc_functionscallsoutput.js
		qc_functionsincidents.js = qc_functionsincidents.js
	EndProjectSection
EndProject
Global
	GlobalSection(SolutionConfigurationPlatforms) = preSolution
		Debug|Any CPU = Debug|Any CPU
		Release|Any CPU = Release|Any CPU
	EndGlobalSection
	GlobalSection(ProjectConfigurationPlatforms) = postSolution
		{8C63E41D-7BE5-4467-978C-340DBCA7B41D}.Debug|Any CPU.ActiveCfg = Debug|Any CPU
		{8C63E41D-7BE5-4467-978C-340DBCA7B41D}.Debug|Any CPU.Build.0 = Debug|Any CPU
		{8C63E41D-7BE5-4467-978C-340DBCA7B41D}.Release|Any CPU.ActiveCfg = Release|Any CPU
		{8C63E41D-7BE5-4467-978C-340DBCA7B41D}.Release|Any CPU.Build.0 = Release|Any CPU
		{FF8E2102-75C7-4DFE-A4A4-575949013E2A}.Debug|Any CPU.ActiveCfg = Debug|Any CPU
		{FF8E2102-75C7-4DFE-A4A4-575949013E2A}.Debug|Any CPU.Build.0 = Debug|Any CPU
		{FF8E2102-75C7-4DFE-A4A4-575949013E2A}.Release|Any CPU.ActiveCfg = Release|Any CPU
		{FF8E2102-75C7-4DFE-A4A4-575949013E2A}.Release|Any CPU.Build.0 = Release|Any CPU
		{9CB836E5-799B-433A-B104-28034FFA5350}.Debug|Any CPU.ActiveCfg = Debug|Any CPU
		{9CB836E5-799B-433A-B104-28034FFA5350}.Debug|Any CPU.Build.0 = Debug|Any CPU
		{9CB836E5-799B-433A-B104-28034FFA5350}.Release|Any CPU.ActiveCfg = Release|Any CPU
		{9CB836E5-799B-433A-B104-28034FFA5350}.Release|Any CPU.Build.0 = Release|Any CPU
		{A4986FF5-F6DF-40D0-B107-A283F5C11C36}.Debug|Any CPU.ActiveCfg = Debug|Any CPU
		{A4986FF5-F6DF-40D0-B107-A283F5C11C36}.Debug|Any CPU.Build.0 = Debug|Any CPU
		{A4986FF5-F6DF-40D0-B107-A283F5C11C36}.Release|Any CPU.ActiveCfg = Release|Any CPU
		{A4986FF5-F6DF-40D0-B107-A283F5C11C36}.Release|Any CPU.Build.0 = Release|Any CPU
		{072B646A-F15A-4790-9226-BF65CFDE9DD9}.Debug|Any CPU.ActiveCfg = Debug|Any CPU
		{072B646A-F15A-4790-9226-BF65CFDE9DD9}.Debug|Any CPU.Build.0 = Debug|Any CPU
		{072B646A-F15A-4790-9226-BF65CFDE9DD9}.Release|Any CPU.ActiveCfg = Release|Any CPU
		{072B646A-F15A-4790-9226-BF65CFDE9DD9}.Release|Any CPU.Build.0 = Release|Any CPU
		{0A8A4F4E-4E43-4023-B5CF-D6AC8D07CAE2}.Debug|Any CPU.ActiveCfg = Debug|Any CPU
		{0A8A4F4E-4E43-4023-B5CF-D6AC8D07CAE2}.Debug|Any CPU.Build.0 = Debug|Any CPU
		{0A8A4F4E-4E43-4023-B5CF-D6AC8D07CAE2}.Release|Any CPU.ActiveCfg = Release|Any CPU
		{0A8A4F4E-4E43-4023-B5CF-D6AC8D07CAE2}.Release|Any CPU.Build.0 = Release|Any CPU
		{380AC376-4F74-4673-86CD-82D70C400190}.Debug|Any CPU.ActiveCfg = Debug|Any CPU
		{380AC376-4F74-4673-86CD-82D70C400190}.Debug|Any CPU.Build.0 = Debug|Any CPU
		{380AC376-4F74-4673-86CD-82D70C400190}.Release|Any CPU.ActiveCfg = Release|Any CPU
		{380AC376-4F74-4673-86CD-82D70C400190}.Release|Any CPU.Build.0 = Release|Any CPU
	EndGlobalSection
	GlobalSection(SolutionProperties) = preSolution
		HideSolutionNode = FALSE
	EndGlobalSection
	GlobalSection(NestedProjects) = preSolution
		{8C63E41D-7BE5-4467-978C-340DBCA7B41D} = {BCE7DA5A-7D81-425D-A1C0-87E85E4E73B6}
		{FF8E2102-75C7-4DFE-A4A4-575949013E2A} = {2CDE4F81-0774-40B1-A116-C453732BFF9F}
		{9CB836E5-799B-433A-B104-28034FFA5350} = {BCE7DA5A-7D81-425D-A1C0-87E85E4E73B6}
		{A4986FF5-F6DF-40D0-B107-A283F5C11C36} = {FE30F29D-010E-480F-A476-FEE640053EA2}
		{072B646A-F15A-4790-9226-BF65CFDE9DD9} = {A8324D45-3692-4C82-92AA-C7C5E5AE5C4E}
		{0A8A4F4E-4E43-4023-B5CF-D6AC8D07CAE2} = {BCE7DA5A-7D81-425D-A1C0-87E85E4E73B6}
		{380AC376-4F74-4673-86CD-82D70C400190} = {BCE7DA5A-7D81-425D-A1C0-87E85E4E73B6}
	EndGlobalSection
EndGlobal
